
Microsoft Visual Studio Solution File, Format Version 12.00
# Visual Studio Version 17
VisualStudioVersion = 17.11.35219.272
MinimumVisualStudioVersion = 10.0.40219.1
Project("{FAE04EC0-301F-11D3-BF4B-00C04F79EFBC}") = "Sheenam.Api", "Sheenam.Api\Sheenam.Api.csproj", "{B6A2723D-A1B4-4D18-8196-C638CF988417}"
EndProject
Global
	GlobalSection(SolutionConfigurationPlatforms) = preSolution
		Debug|Any CPU = Debug|Any CPU
		Release|Any CPU = Release|Any CPU
	EndGlobalSection
	GlobalSection(ProjectConfigurationPlatforms) = postSolution
		{B6A2723D-A1B4-4D18-8196-C638CF988417}.Debug|Any CPU.ActiveCfg = Debug|Any CPU
		{B6A2723D-A1B4-4D18-8196-C638CF988417}.Debug|Any CPU.Build.0 = Debug|Any CPU
		{B6A2723D-A1B4-4D18-8196-C638CF988417}.Release|Any CPU.ActiveCfg = Release|Any CPU
		{B6A2723D-A1B4-4D18-8196-C638CF988417}.Release|Any CPU.Build.0 = Release|Any CPU
	EndGlobalSection
	GlobalSection(SolutionProperties) = preSolution
		HideSolutionNode = FALSE
	EndGlobalSection
	GlobalSection(ExtensibilityGlobals) = postSolution
		SolutionGuid = {D2C22672-F0B4-4027-B818-2A6CE428DFA7}
	EndGlobalSection
EndGlobal
